
Microsoft Visual Studio Solution File, Format Version 12.00
# Visual Studio 15
VisualStudioVersion = 15.0.27703.2035
MinimumVisualStudioVersion = 10.0.40219.1
Project("{FAE04EC0-301F-11D3-BF4B-00C04F79EFBC}") = "DoorGame", "DoorGame\DoorGame.csproj", "{879E0B23-90F2-4599-85C8-C0220D4D0C2B}"
EndProject
Global
	GlobalSection(SolutionConfigurationPlatforms) = preSolution
		Debug|Any CPU = Debug|Any CPU
		Release|Any CPU = Release|Any CPU
	EndGlobalSection
	GlobalSection(ProjectConfigurationPlatforms) = postSolution
		{879E0B23-90F2-4599-85C8-C0220D4D0C2B}.Debug|Any CPU.ActiveCfg = Debug|Any CPU
		{879E0B23-90F2-4599-85C8-C0220D4D0C2B}.Debug|Any CPU.Build.0 = Debug|Any CPU
		{879E0B23-90F2-4599-85C8-C0220D4D0C2B}.Release|Any CPU.ActiveCfg = Release|Any CPU
		{879E0B23-90F2-4599-85C8-C0220D4D0C2B}.Release|Any CPU.Build.0 = Release|Any CPU
	EndGlobalSection
	GlobalSection(SolutionProperties) = preSolution
		HideSolutionNode = FALSE
	EndGlobalSection
	GlobalSection(ExtensibilityGlobals) = postSolution
		SolutionGuid = {0829E458-DD12-436B-89FB-10B7D9B8FE65}
	EndGlobalSection
EndGlobal
