
Microsoft Visual Studio Solution File, Format Version 12.00
# Visual Studio 15
VisualStudioVersion = 15.0.27703.2035
MinimumVisualStudioVersion = 10.0.40219.1
Project("{FAE04EC0-301F-11D3-BF4B-00C04F79EFBC}") = "RockPaperScissors", "RockPaperScissors\RockPaperScissors.csproj", "{E38AFA13-2BED-43B2-AB0E-CBE6C37F21D4}"
EndProject
Global
	GlobalSection(SolutionConfigurationPlatforms) = preSolution
		Debug|Any CPU = Debug|Any CPU
		Release|Any CPU = Release|Any CPU
	EndGlobalSection
	GlobalSection(ProjectConfigurationPlatforms) = postSolution
		{E38AFA13-2BED-43B2-AB0E-CBE6C37F21D4}.Debug|Any CPU.ActiveCfg = Debug|Any CPU
		{E38AFA13-2BED-43B2-AB0E-CBE6C37F21D4}.Debug|Any CPU.Build.0 = Debug|Any CPU
		{E38AFA13-2BED-43B2-AB0E-CBE6C37F21D4}.Release|Any CPU.ActiveCfg = Release|Any CPU
		{E38AFA13-2BED-43B2-AB0E-CBE6C37F21D4}.Release|Any CPU.Build.0 = Release|Any CPU
	EndGlobalSection
	GlobalSection(SolutionProperties) = preSolution
		HideSolutionNode = FALSE
	EndGlobalSection
	GlobalSection(ExtensibilityGlobals) = postSolution
		SolutionGuid = {595314EE-9929-406C-9420-180EF3EB94ED}
	EndGlobalSection
EndGlobal
